
Microsoft Visual Studio Solution File, Format Version 12.00
# Visual Studio Version 17
VisualStudioVersion = 17.6.33723.286
MinimumVisualStudioVersion = 10.0.40219.1
Project("{FAE04EC0-301F-11D3-BF4B-00C04F79EFBC}") = "Healthcare.Core", "Healthcare.Core.csproj", "{BABE6065-C7D0-4298-BEFD-5906859771D2}"
EndProject
Project("{FAE04EC0-301F-11D3-BF4B-00C04F79EFBC}") = "Healthcare.Repository", "..\Healthcare.Repository\Healthcare.Repository.csproj", "{CA6C6B53-767E-4C92-8063-3C97FDD4F49B}"
EndProject
Project("{FAE04EC0-301F-11D3-BF4B-00C04F79EFBC}") = "Healthcare.Service", "..\Healthcare.Service\Healthcare.Service.csproj", "{7E03D0CF-CC74-4283-ADDD-E126DECBDEE5}"
EndProject
Project("{FAE04EC0-301F-11D3-BF4B-00C04F79EFBC}") = "Healthcare.API", "..\Healthcare.API\Healthcare.API.csproj", "{8B0B59AC-B3A3-473B-9DDD-05C514F0DC13}"
EndProject
Global
	GlobalSection(SolutionConfigurationPlatforms) = preSolution
		Debug|Any CPU = Debug|Any CPU
		Release|Any CPU = Release|Any CPU
	EndGlobalSection
	GlobalSection(ProjectConfigurationPlatforms) = postSolution
		{BABE6065-C7D0-4298-BEFD-5906859771D2}.Debug|Any CPU.ActiveCfg = Debug|Any CPU
		{BABE6065-C7D0-4298-BEFD-5906859771D2}.Debug|Any CPU.Build.0 = Debug|Any CPU
		{BABE6065-C7D0-4298-BEFD-5906859771D2}.Release|Any CPU.ActiveCfg = Release|Any CPU
		{BABE6065-C7D0-4298-BEFD-5906859771D2}.Release|Any CPU.Build.0 = Release|Any CPU
		{CA6C6B53-767E-4C92-8063-3C97FDD4F49B}.Debug|Any CPU.ActiveCfg = Debug|Any CPU
		{CA6C6B53-767E-4C92-8063-3C97FDD4F49B}.Debug|Any CPU.Build.0 = Debug|Any CPU
		{CA6C6B53-767E-4C92-8063-3C97FDD4F49B}.Release|Any CPU.ActiveCfg = Release|Any CPU
		{CA6C6B53-767E-4C92-8063-3C97FDD4F49B}.Release|Any CPU.Build.0 = Release|Any CPU
		{7E03D0CF-CC74-4283-ADDD-E126DECBDEE5}.Debug|Any CPU.ActiveCfg = Debug|Any CPU
		{7E03D0CF-CC74-4283-ADDD-E126DECBDEE5}.Debug|Any CPU.Build.0 = Debug|Any CPU
		{7E03D0CF-CC74-4283-ADDD-E126DECBDEE5}.Release|Any CPU.ActiveCfg = Release|Any CPU
		{7E03D0CF-CC74-4283-ADDD-E126DECBDEE5}.Release|Any CPU.Build.0 = Release|Any CPU
		{8B0B59AC-B3A3-473B-9DDD-05C514F0DC13}.Debug|Any CPU.ActiveCfg = Debug|Any CPU
		{8B0B59AC-B3A3-473B-9DDD-05C514F0DC13}.Debug|Any CPU.Build.0 = Debug|Any CPU
		{8B0B59AC-B3A3-473B-9DDD-05C514F0DC13}.Release|Any CPU.ActiveCfg = Release|Any CPU
		{8B0B59AC-B3A3-473B-9DDD-05C514F0DC13}.Release|Any CPU.Build.0 = Release|Any CPU
	EndGlobalSection
	GlobalSection(SolutionProperties) = preSolution
		HideSolutionNode = FALSE
	EndGlobalSection
	GlobalSection(ExtensibilityGlobals) = postSolution
		SolutionGuid = {54BBD861-5EB8-4756-9C08-CE73DF5966B9}
	EndGlobalSection
EndGlobal
